
Microsoft Visual Studio Solution File, Format Version 12.00
# Visual Studio Version 17
VisualStudioVersion = 17.12.35728.132
MinimumVisualStudioVersion = 10.0.40219.1
Project("{FAE04EC0-301F-11D3-BF4B-00C04F79EFBC}") = "BoltEngine", "BoltEngine\BoltEngine.csproj", "{3938011F-1AB7-4B3E-A42C-7BA713B8E1C9}"
EndProject
Project("{FAE04EC0-301F-11D3-BF4B-00C04F79EFBC}") = "AWS", "AWS\AWS.csproj", "{3988CFB8-25AF-4BCA-87C2-64BD841317A5}"
EndProject
Global
	GlobalSection(SolutionConfigurationPlatforms) = preSolution
		Debug|Any CPU = Debug|Any CPU
		Release|Any CPU = Release|Any CPU
	EndGlobalSection
	GlobalSection(ProjectConfigurationPlatforms) = postSolution
		{3938011F-1AB7-4B3E-A42C-7BA713B8E1C9}.Debug|Any CPU.ActiveCfg = Debug|Any CPU
		{3938011F-1AB7-4B3E-A42C-7BA713B8E1C9}.Debug|Any CPU.Build.0 = Debug|Any CPU
		{3938011F-1AB7-4B3E-A42C-7BA713B8E1C9}.Release|Any CPU.ActiveCfg = Release|Any CPU
		{3938011F-1AB7-4B3E-A42C-7BA713B8E1C9}.Release|Any CPU.Build.0 = Release|Any CPU
		{3988CFB8-25AF-4BCA-87C2-64BD841317A5}.Debug|Any CPU.ActiveCfg = Debug|Any CPU
		{3988CFB8-25AF-4BCA-87C2-64BD841317A5}.Debug|Any CPU.Build.0 = Debug|Any CPU
		{3988CFB8-25AF-4BCA-87C2-64BD841317A5}.Release|Any CPU.ActiveCfg = Release|Any CPU
		{3988CFB8-25AF-4BCA-87C2-64BD841317A5}.Release|Any CPU.Build.0 = Release|Any CPU
	EndGlobalSection
	GlobalSection(SolutionProperties) = preSolution
		HideSolutionNode = FALSE
	EndGlobalSection
	GlobalSection(ExtensibilityGlobals) = postSolution
		SolutionGuid = {94C0E386-69BB-471C-99F5-2C402794A3E6}
	EndGlobalSection
EndGlobal
